// !$*UTF8*$!
{
	archiveVersion = 1;
	classes = {
	};
	objectVersion = 77;
	objects = {

/* Begin PBXBuildFile section */
		ED602CA22DB0E77F009ED831 /* FirebaseAnalytics in Frameworks */ = {isa = PBXBuildFile; productRef = ED602CA12DB0E77F009ED831 /* FirebaseAnalytics */; };
		ED602CA82DB1E139009ED831 /* FirebaseCore in Frameworks */ = {isa = PBXBuildFile; productRef = ED602CA72DB1E139009ED831 /* FirebaseCore */; };
		ED602CAA2DB1E14F009ED831 /* FirebaseFirestore in Frameworks */ = {isa = PBXBuildFile; productRef = ED602CA92DB1E14F009ED831 /* FirebaseFirestore */; };
/* End PBXBuildFile section */

/* Begin PBXContainerItemProxy section */
		ED6029A92DA753DD009ED831 /* PBXContainerItemProxy */ = {
			isa = PBXContainerItemProxy;
			containerPortal = ED6029902DA753DB009ED831 /* Project object */;
			proxyType = 1;
			remoteGlobalIDString = ED6029972DA753DB009ED831;
			remoteInfo = FailureCat;
		};
		ED6029B32DA753DD009ED831 /* PBXContainerItemProxy */ = {
			isa = PBXContainerItemProxy;
			containerPortal = ED6029902DA753DB009ED831 /* Project object */;
			proxyType = 1;
			remoteGlobalIDString = ED6029972DA753DB009ED831;
			remoteInfo = FailureCat;
		};
/* End PBXContainerItemProxy section */

/* Begin PBXFileReference section */
		ED6029982DA753DB009ED831 /* FailureCat.app */ = {isa = PBXFileReference; explicitFileType = wrapper.application; includeInIndex = 0; path = FailureCat.app; sourceTree = BUILT_PRODUCTS_DIR; };
		ED6029A82DA753DD009ED831 /* FailureCatTests.xctest */ = {isa = PBXFileReference; explicitFileType = wrapper.cfbundle; includeInIndex = 0; path = FailureCatTests.xctest; sourceTree = BUILT_PRODUCTS_DIR; };
		ED6029B22DA753DD009ED831 /* FailureCatUITests.xctest */ = {isa = PBXFileReference; explicitFileType = wrapper.cfbundle; includeInIndex = 0; path = FailureCatUITests.xctest; sourceTree = BUILT_PRODUCTS_DIR; };
/* End PBXFileReference section */

/* Begin PBXFileSystemSynchronizedRootGroup section */
		ED60299A2DA753DB009ED831 /* FailureCat */ = {
			isa = PBXFileSystemSynchronizedRootGroup;
			path = FailureCat;
			sourceTree = "<group>";
		};
		ED6029AB2DA753DD009ED831 /* FailureCatTests */ = {
			isa = PBXFileSystemSynchronizedRootGroup;
			path = FailureCatTests;
			sourceTree = "<group>";
		};
		ED6029B52DA753DD009ED831 /* FailureCatUITests */ = {
			isa = PBXFileSystemSynchronizedRootGroup;
			path = FailureCatUITests;
			sourceTree = "<group>";
		};
/* End PBXFileSystemSynchronizedRootGroup section */

/* Begin PBXFrameworksBuildPhase section */
		ED6029952DA753DB009ED831 /* Frameworks */ = {
			isa = PBXFrameworksBuildPhase;
			buildActionMask = 2147483647;
			files = (
				ED602CA82DB1E139009ED831 /* FirebaseCore in Frameworks */,
				ED602CA22DB0E77F009ED831 /* FirebaseAnalytics in Frameworks */,
				ED602CAA2DB1E14F009ED831 /* FirebaseFirestore in Frameworks */,
			);
			runOnlyForDeploymentPostprocessing = 0;
		};
		ED6029A52DA753DD009ED831 /* Frameworks */ = {
			isa = PBXFrameworksBuildPhase;
			buildActionMask = 2147483647;
			files = (
			);
			runOnlyForDeploymentPostprocessing = 0;
		};
		ED6029AF2DA753DD009ED831 /* Frameworks */ = {
			isa = PBXFrameworksBuildPhase;
			buildActionMask = 2147483647;
			files = (
			);
			runOnlyForDeploymentPostprocessing = 0;
		};
/* End PBXFrameworksBuildPhase section */

/* Begin PBXGroup section */
		ED60298F2DA753DB009ED831 = {
			isa = PBXGroup;
			children = (
				ED60299A2DA753DB009ED831 /* FailureCat */,
				ED6029AB2DA753DD009ED831 /* FailureCatTests */,
				ED6029B52DA753DD009ED831 /* FailureCatUITests */,
				ED602CA62DB1E139009ED831 /* Frameworks */,
				ED6029992DA753DB009ED831 /* Products */,
			);
			sourceTree = "<group>";
		};
		ED6029992DA753DB009ED831 /* Products */ = {
			isa = PBXGroup;
			children = (
				ED6029982DA753DB009ED831 /* FailureCat.app */,
				ED6029A82DA753DD009ED831 /* FailureCatTests.xctest */,
				ED6029B22DA753DD009ED831 /* FailureCatUITests.xctest */,
			);
			name = Products;
			sourceTree = "<group>";
		};
		ED602CA62DB1E139009ED831 /* Frameworks */ = {
			isa = PBXGroup;
			children = (
			);
			name = Frameworks;
			sourceTree = "<group>";
		};
/* End PBXGroup section */

/* Begin PBXNativeTarget section */
		ED6029972DA753DB009ED831 /* FailureCat */ = {
			isa = PBXNativeTarget;
			buildConfigurationList = ED6029BC2DA753DD009ED831 /* Build configuration list for PBXNativeTarget "FailureCat" */;
			buildPhases = (
				ED6029942DA753DB009ED831 /* Sources */,
				ED6029952DA753DB009ED831 /* Frameworks */,
				ED6029962DA753DB009ED831 /* Resources */,
			);
			buildRules = (
			);
			dependencies = (
			);
			fileSystemSynchronizedGroups = (
				ED60299A2DA753DB009ED831 /* FailureCat */,
			);
			name = FailureCat;
			packageProductDependencies = (
				ED602CA12DB0E77F009ED831 /* FirebaseAnalytics */,
				ED602CA72DB1E139009ED831 /* FirebaseCore */,
				ED602CA92DB1E14F009ED831 /* FirebaseFirestore */,
			);
			productName = FailureCat;
			productReference = ED6029982DA753DB009ED831 /* FailureCat.app */;
			productType = "com.apple.product-type.application";
		};
		ED6029A72DA753DD009ED831 /* FailureCatTests */ = {
			isa = PBXNativeTarget;
			buildConfigurationList = ED6029BF2DA753DD009ED831 /* Build configuration list for PBXNativeTarget "FailureCatTests" */;
			buildPhases = (
				ED6029A42DA753DD009ED831 /* Sources */,
				ED6029A52DA753DD009ED831 /* Frameworks */,
				ED6029A62DA753DD009ED831 /* Resources */,
			);
			buildRules = (
			);
			dependencies = (
				ED6029AA2DA753DD009ED831 /* PBXTargetDependency */,
			);
			fileSystemSynchronizedGroups = (
				ED6029AB2DA753DD009ED831 /* FailureCatTests */,
			);
			name = FailureCatTests;
			packageProductDependencies = (
			);
			productName = FailureCatTests;
			productReference = ED6029A82DA753DD009ED831 /* FailureCatTests.xctest */;
			productType = "com.apple.product-type.bundle.unit-test";
		};
		ED6029B12DA753DD009ED831 /* FailureCatUITests */ = {
			isa = PBXNativeTarget;
			buildConfigurationList = ED6029C22DA753DD009ED831 /* Build configuration list for PBXNativeTarget "FailureCatUITests" */;
			buildPhases = (
				ED6029AE2DA753DD009ED831 /* Sources */,
				ED6029AF2DA753DD009ED831 /* Frameworks */,
				ED6029B02DA753DD009ED831 /* Resources */,
			);
			buildRules = (
			);
			dependencies = (
				ED6029B42DA753DD009ED831 /* PBXTargetDependency */,
			);
			fileSystemSynchronizedGroups = (
				ED6029B52DA753DD009ED831 /* FailureCatUITests */,
			);
			name = FailureCatUITests;
			packageProductDependencies = (
			);
			productName = FailureCatUITests;
			productReference = ED6029B22DA753DD009ED831 /* FailureCatUITests.xctest */;
			productType = "com.apple.product-type.bundle.ui-testing";
		};
/* End PBXNativeTarget section */

/* Begin PBXProject section */
		ED6029902DA753DB009ED831 /* Project object */ = {
			isa = PBXProject;
			attributes = {
				BuildIndependentTargetsInParallel = 1;
				LastSwiftUpdateCheck = 1620;
				LastUpgradeCheck = 1620;
				TargetAttributes = {
					ED6029972DA753DB009ED831 = {
						CreatedOnToolsVersion = 16.2;
					};
					ED6029A72DA753DD009ED831 = {
						CreatedOnToolsVersion = 16.2;
						TestTargetID = ED6029972DA753DB009ED831;
					};
					ED6029B12DA753DD009ED831 = {
						CreatedOnToolsVersion = 16.2;
						TestTargetID = ED6029972DA753DB009ED831;
					};
				};
			};
			buildConfigurationList = ED6029932DA753DB009ED831 /* Build configuration list for PBXProject "FailureCat" */;
			developmentRegion = en;
			hasScannedForEncodings = 0;
			knownRegions = (
				en,
				Base,
			);
			mainGroup = ED60298F2DA753DB009ED831;
			minimizedProjectReferenceProxies = 1;
			packageReferences = (
				ED602CA02DB0E77F009ED831 /* XCRemoteSwiftPackageReference "firebase-ios-sdk" */,
			);
			preferredProjectObjectVersion = 77;
			productRefGroup = ED6029992DA753DB009ED831 /* Products */;
			projectDirPath = "";
			projectRoot = "";
			targets = (
				ED6029972DA753DB009ED831 /* FailureCat */,
				ED6029A72DA753DD009ED831 /* FailureCatTests */,
				ED6029B12DA753DD009ED831 /* FailureCatUITests */,
			);
		};
/* End PBXProject section */

/* Begin PBXResourcesBuildPhase section */
		ED6029962DA753DB009ED831 /* Resources */ = {
			isa = PBXResourcesBuildPhase;
			buildActionMask = 2147483647;
			files = (
			);
			runOnlyForDeploymentPostprocessing = 0;
		};
		ED6029A62DA753DD009ED831 /* Resources */ = {
			isa = PBXResourcesBuildPhase;
			buildActionMask = 2147483647;
			files = (
			);
			runOnlyForDeploymentPostprocessing = 0;
		};
		ED6029B02DA753DD009ED831 /* Resources */ = {
			isa = PBXResourcesBuildPhase;
			buildActionMask = 2147483647;
			files = (
			);
			runOnlyForDeploymentPostprocessing = 0;
		};
/* End PBXResourcesBuildPhase section */

/* Begin PBXSourcesBuildPhase section */
		ED6029942DA753DB009ED831 /* Sources */ = {
			isa = PBXSourcesBuildPhase;
			buildActionMask = 2147483647;
			files = (
			);
			runOnlyForDeploymentPostprocessing = 0;
		};
		ED6029A42DA753DD009ED831 /* Sources */ = {
			isa = PBXSourcesBuildPhase;
			buildActionMask = 2147483647;
			files = (
			);
			runOnlyForDeploymentPostprocessing = 0;
		};
		ED6029AE2DA753DD009ED831 /* Sources */ = {
			isa = PBXSourcesBuildPhase;
			buildActionMask = 2147483647;
			files = (
			);
			runOnlyForDeploymentPostprocessing = 0;
		};
/* End PBXSourcesBuildPhase section */

/* Begin PBXTargetDependency section */
		ED6029AA2DA753DD009ED831 /* PBXTargetDependency */ = {
			isa = PBXTargetDependency;
			target = ED6029972DA753DB009ED831 /* FailureCat */;
			targetProxy = ED6029A92DA753DD009ED831 /* PBXContainerItemProxy */;
		};
		ED6029B42DA753DD009ED831 /* PBXTargetDependency */ = {
			isa = PBXTargetDependency;
			target = ED6029972DA753DB009ED831 /* FailureCat */;
			targetProxy = ED6029B32DA753DD009ED831 /* PBXContainerItemProxy */;
		};
/* End PBXTargetDependency section */

/* Begin XCBuildConfiguration section */
		ED6029BA2DA753DD009ED831 /* Debug */ = {
			isa = XCBuildConfiguration;
			buildSettings = {
				ALWAYS_SEARCH_USER_PATHS = NO;
				ASSETCATALOG_COMPILER_GENERATE_SWIFT_ASSET_SYMBOL_EXTENSIONS = YES;
				CLANG_ANALYZER_NONNULL = YES;
				CLANG_ANALYZER_NUMBER_OBJECT_CONVERSION = YES_AGGRESSIVE;
				CLANG_CXX_LANGUAGE_STANDARD = "gnu++20";
				CLANG_ENABLE_MODULES = YES;
				CLANG_ENABLE_OBJC_ARC = YES;
				CLANG_ENABLE_OBJC_WEAK = YES;
				CLANG_WARN_BLOCK_CAPTURE_AUTORELEASING = YES;
				CLANG_WARN_BOOL_CONVERSION = YES;
				CLANG_WARN_COMMA = YES;
				CLANG_WARN_CONSTANT_CONVERSION = YES;
				CLANG_WARN_DEPRECATED_OBJC_IMPLEMENTATIONS = YES;
				CLANG_WARN_DIRECT_OBJC_ISA_USAGE = YES_ERROR;
				CLANG_WARN_DOCUMENTATION_COMMENTS = YES;
				CLANG_WARN_EMPTY_BODY = YES;
				CLANG_WARN_ENUM_CONVERSION = YES;
				CLANG_WARN_INFINITE_RECURSION = YES;
				CLANG_WARN_INT_CONVERSION = YES;
				CLANG_WARN_NON_LITERAL_NULL_CONVERSION = YES;
				CLANG_WARN_OBJC_IMPLICIT_RETAIN_SELF = YES;
				CLANG_WARN_OBJC_LITERAL_CONVERSION = YES;
				CLANG_WARN_OBJC_ROOT_CLASS = YES_ERROR;
				CLANG_WARN_QUOTED_INCLUDE_IN_FRAMEWORK_HEADER = YES;
				CLANG_WARN_RANGE_LOOP_ANALYSIS = YES;
				CLANG_WARN_STRICT_PROTOTYPES = YES;
				CLANG_WARN_SUSPICIOUS_MOVE = YES;
				CLANG_WARN_UNGUARDED_AVAILABILITY = YES_AGGRESSIVE;
				CLANG_WARN_UNREACHABLE_CODE = YES;
				CLANG_WARN__DUPLICATE_METHOD_MATCH = YES;
				COPY_PHASE_STRIP = NO;
				DEBUG_INFORMATION_FORMAT = dwarf;
				ENABLE_STRICT_OBJC_MSGSEND = YES;
				ENABLE_TESTABILITY = YES;
				ENABLE_USER_SCRIPT_SANDBOXING = YES;
				GCC_C_LANGUAGE_STANDARD = gnu17;
				GCC_DYNAMIC_NO_PIC = NO;
				GCC_NO_COMMON_BLOCKS = YES;
				GCC_OPTIMIZATION_LEVEL = 0;
				GCC_PREPROCESSOR_DEFINITIONS = (
					"DEBUG=1",
					"$(inherited)",
				);
				GCC_WARN_64_TO_32_BIT_CONVERSION = YES;
				GCC_WARN_ABOUT_RETURN_TYPE = YES_ERROR;
				GCC_WARN_UNDECLARED_SELECTOR = YES;
				GCC_WARN_UNINITIALIZED_AUTOS = YES_AGGRESSIVE;
				GCC_WARN_UNUSED_FUNCTION = YES;
				GCC_WARN_UNUSED_VARIABLE = YES;
				IPHONEOS_DEPLOYMENT_TARGET = 18.2;
				LOCALIZATION_PREFERS_STRING_CATALOGS = YES;
				MTL_ENABLE_DEBUG_INFO = INCLUDE_SOURCE;
				MTL_FAST_MATH = YES;
				ONLY_ACTIVE_ARCH = YES;
				SDKROOT = iphoneos;
				SWIFT_ACTIVE_COMPILATION_CONDITIONS = "DEBUG $(inherited)";
				SWIFT_OPTIMIZATION_LEVEL = "-Onone";
			};
			name = Debug;
		};
		ED6029BB2DA753DD009ED831 /* Release */ = {
			isa = XCBuildConfiguration;
			buildSettings = {
				ALWAYS_SEARCH_USER_PATHS = NO;
				ASSETCATALOG_COMPILER_GENERATE_SWIFT_ASSET_SYMBOL_EXTENSIONS = YES;
				CLANG_ANALYZER_NONNULL = YES;
				CLANG_ANALYZER_NUMBER_OBJECT_CONVERSION = YES_AGGRESSIVE;
				CLANG_CXX_LANGUAGE_STANDARD = "gnu++20";
				CLANG_ENABLE_MODULES = YES;
				CLANG_ENABLE_OBJC_ARC = YES;
				CLANG_ENABLE_OBJC_WEAK = YES;
				CLANG_WARN_BLOCK_CAPTURE_AUTORELEASING = YES;
				CLANG_WARN_BOOL_CONVERSION = YES;
				CLANG_WARN_COMMA = YES;
				CLANG_WARN_CONSTANT_CONVERSION = YES;
				CLANG_WARN_DEPRECATED_OBJC_IMPLEMENTATIONS = YES;
				CLANG_WARN_DIRECT_OBJC_ISA_USAGE = YES_ERROR;
				CLANG_WARN_DOCUMENTATION_COMMENTS = YES;
				CLANG_WARN_EMPTY_BODY = YES;
				CLANG_WARN_ENUM_CONVERSION = YES;
				CLANG_WARN_INFINITE_RECURSION = YES;
				CLANG_WARN_INT_CONVERSION = YES;
				CLANG_WARN_NON_LITERAL_NULL_CONVERSION = YES;
				CLANG_WARN_OBJC_IMPLICIT_RETAIN_SELF = YES;
				CLANG_WARN_OBJC_LITERAL_CONVERSION = YES;
				CLANG_WARN_OBJC_ROOT_CLASS = YES_ERROR;
				CLANG_WARN_QUOTED_INCLUDE_IN_FRAMEWORK_HEADER = YES;
				CLANG_WARN_RANGE_LOOP_ANALYSIS = YES;
				CLANG_WARN_STRICT_PROTOTYPES = YES;
				CLANG_WARN_SUSPICIOUS_MOVE = YES;
				CLANG_WARN_UNGUARDED_AVAILABILITY = YES_AGGRESSIVE;
				CLANG_WARN_UNREACHABLE_CODE = YES;
				CLANG_WARN__DUPLICATE_METHOD_MATCH = YES;
				COPY_PHASE_STRIP = NO;
				DEBUG_INFORMATION_FORMAT = "dwarf-with-dsym";
				ENABLE_NS_ASSERTIONS = NO;
				ENABLE_STRICT_OBJC_MSGSEND = YES;
				ENABLE_USER_SCRIPT_SANDBOXING = YES;
				GCC_C_LANGUAGE_STANDARD = gnu17;
				GCC_NO_COMMON_BLOCKS = YES;
				GCC_WARN_64_TO_32_BIT_CONVERSION = YES;
				GCC_WARN_ABOUT_RETURN_TYPE = YES_ERROR;
				GCC_WARN_UNDECLARED_SELECTOR = YES;
				GCC_WARN_UNINITIALIZED_AUTOS = YES_AGGRESSIVE;
				GCC_WARN_UNUSED_FUNCTION = YES;
				GCC_WARN_UNUSED_VARIABLE = YES;
				IPHONEOS_DEPLOYMENT_TARGET = 18.2;
				LOCALIZATION_PREFERS_STRING_CATALOGS = YES;
				MTL_ENABLE_DEBUG_INFO = NO;
				MTL_FAST_MATH = YES;
				SDKROOT = iphoneos;
				SWIFT_COMPILATION_MODE = wholemodule;
				VALIDATE_PRODUCT = YES;
			};
			name = Release;
		};
		ED6029BD2DA753DD009ED831 /* Debug */ = {
			isa = XCBuildConfiguration;
			buildSettings = {
				ASSETCATALOG_COMPILER_APPICON_NAME = AppIcon;
				ASSETCATALOG_COMPILER_GLOBAL_ACCENT_COLOR_NAME = AccentColor;
				CODE_SIGN_STYLE = Automatic;
				CURRENT_PROJECT_VERSION = 1;
				DEVELOPMENT_ASSET_PATHS = "\"FailureCat/Preview Content\"";
				DEVELOPMENT_TEAM = WJKNV9KXF2;
				ENABLE_PREVIEWS = YES;
				GENERATE_INFOPLIST_FILE = YES;
				INFOPLIST_KEY_UIApplicationSceneManifest_Generation = YES;
				INFOPLIST_KEY_UIApplicationSupportsIndirectInputEvents = YES;
				INFOPLIST_KEY_UILaunchScreen_Generation = YES;
				INFOPLIST_KEY_UISupportedInterfaceOrientations_iPad = "UIInterfaceOrientationPortrait UIInterfaceOrientationPortraitUpsideDown UIInterfaceOrientationLandscapeLeft UIInterfaceOrientationLandscapeRight";
				INFOPLIST_KEY_UISupportedInterfaceOrientations_iPhone = "UIInterfaceOrientationPortrait UIInterfaceOrientationLandscapeLeft UIInterfaceOrientationLandscapeRight";
				LD_RUNPATH_SEARCH_PATHS = (
					"$(inherited)",
					"@executable_path/Frameworks",
				);
				MARKETING_VERSION = 1.0;
				PRODUCT_BUNDLE_IDENTIFIER = com.jam.FailureCat;
				PRODUCT_NAME = "$(TARGET_NAME)";
				SWIFT_EMIT_LOC_STRINGS = YES;
				SWIFT_VERSION = 5.0;
				TARGETED_DEVICE_FAMILY = "1,2";
			};
			name = Debug;
		};
		ED6029BE2DA753DD009ED831 /* Release */ = {
			isa = XCBuildConfiguration;
			buildSettings = {
				ASSETCATALOG_COMPILER_APPICON_NAME = AppIcon;
				ASSETCATALOG_COMPILER_GLOBAL_ACCENT_COLOR_NAME = AccentColor;
				CODE_SIGN_STYLE = Automatic;
				CURRENT_PROJECT_VERSION = 1;
				DEVELOPMENT_ASSET_PATHS = "\"FailureCat/Preview Content\"";
				DEVELOPMENT_TEAM = WJKNV9KXF2;
				ENABLE_PREVIEWS = YES;
				GENERATE_INFOPLIST_FILE = YES;
				INFOPLIST_KEY_UIApplicationSceneManifest_Generation = YES;
				INFOPLIST_KEY_UIApplicationSupportsIndirectInputEvents = YES;
				INFOPLIST_KEY_UILaunchScreen_Generation = YES;
				INFOPLIST_KEY_UISupportedInterfaceOrientations_iPad = "UIInterfaceOrientationPortrait UIInterfaceOrientationPortraitUpsideDown UIInterfaceOrientationLandscapeLeft UIInterfaceOrientationLandscapeRight";
				INFOPLIST_KEY_UISupportedInterfaceOrientations_iPhone = "UIInterfaceOrientationPortrait UIInterfaceOrientationLandscapeLeft UIInterfaceOrientationLandscapeRight";
				LD_RUNPATH_SEARCH_PATHS = (
					"$(inherited)",
					"@executable_path/Frameworks",
				);
				MARKETING_VERSION = 1.0;
				PRODUCT_BUNDLE_IDENTIFIER = com.jam.FailureCat;
				PRODUCT_NAME = "$(TARGET_NAME)";
				SWIFT_EMIT_LOC_STRINGS = YES;
				SWIFT_VERSION = 5.0;
				TARGETED_DEVICE_FAMILY = "1,2";
			};
			name = Release;
		};
		ED6029C02DA753DD009ED831 /* Debug */ = {
			isa = XCBuildConfiguration;
			buildSettings = {
				BUNDLE_LOADER = "$(TEST_HOST)";
				CODE_SIGN_STYLE = Automatic;
				CURRENT_PROJECT_VERSION = 1;
				DEVELOPMENT_TEAM = WJKNV9KXF2;
				GENERATE_INFOPLIST_FILE = YES;
				IPHONEOS_DEPLOYMENT_TARGET = 18.2;
				MARKETING_VERSION = 1.0;
				PRODUCT_BUNDLE_IDENTIFIER = com.jam.FailureCatTests;
				PRODUCT_NAME = "$(TARGET_NAME)";
				SWIFT_EMIT_LOC_STRINGS = NO;
				SWIFT_VERSION = 5.0;
				TARGETED_DEVICE_FAMILY = "1,2";
				TEST_HOST = "$(BUILT_PRODUCTS_DIR)/FailureCat.app/$(BUNDLE_EXECUTABLE_FOLDER_PATH)/FailureCat";
			};
			name = Debug;
		};
		ED6029C12DA753DD009ED831 /* Release */ = {
			isa = XCBuildConfiguration;
			buildSettings = {
				BUNDLE_LOADER = "$(TEST_HOST)";
				CODE_SIGN_STYLE = Automatic;
				CURRENT_PROJECT_VERSION = 1;
				DEVELOPMENT_TEAM = WJKNV9KXF2;
				GENERATE_INFOPLIST_FILE = YES;
				IPHONEOS_DEPLOYMENT_TARGET = 18.2;
				MARKETING_VERSION = 1.0;
				PRODUCT_BUNDLE_IDENTIFIER = com.jam.FailureCatTests;
				PRODUCT_NAME = "$(TARGET_NAME)";
				SWIFT_EMIT_LOC_STRINGS = NO;
				SWIFT_VERSION = 5.0;
				TARGETED_DEVICE_FAMILY = "1,2";
				TEST_HOST = "$(BUILT_PRODUCTS_DIR)/FailureCat.app/$(BUNDLE_EXECUTABLE_FOLDER_PATH)/FailureCat";
			};
			name = Release;
		};
		ED6029C32DA753DD009ED831 /* Debug */ = {
			isa = XCBuildConfiguration;
			buildSettings = {
				CODE_SIGN_STYLE = Automatic;
				CURRENT_PROJECT_VERSION = 1;
				DEVELOPMENT_TEAM = WJKNV9KXF2;
				GENERATE_INFOPLIST_FILE = YES;
				MARKETING_VERSION = 1.0;
				PRODUCT_BUNDLE_IDENTIFIER = com.jam.FailureCatUITests;
				PRODUCT_NAME = "$(TARGET_NAME)";
				SWIFT_EMIT_LOC_STRINGS = NO;
				SWIFT_VERSION = 5.0;
				TARGETED_DEVICE_FAMILY = "1,2";
				TEST_TARGET_NAME = FailureCat;
			};
			name = Debug;
		};
		ED6029C42DA753DD009ED831 /* Release */ = {
			isa = XCBuildConfiguration;
			buildSettings = {
				CODE_SIGN_STYLE = Automatic;
				CURRENT_PROJECT_VERSION = 1;
				DEVELOPMENT_TEAM = WJKNV9KXF2;
				GENERATE_INFOPLIST_FILE = YES;
				MARKETING_VERSION = 1.0;
				PRODUCT_BUNDLE_IDENTIFIER = com.jam.FailureCatUITests;
				PRODUCT_NAME = "$(TARGET_NAME)";
				SWIFT_EMIT_LOC_STRINGS = NO;
				SWIFT_VERSION = 5.0;
				TARGETED_DEVICE_FAMILY = "1,2";
				TEST_TARGET_NAME = FailureCat;
			};
			name = Release;
		};
/* End XCBuildConfiguration section */

/* Begin XCConfigurationList section */
		ED6029932DA753DB009ED831 /* Build configuration list for PBXProject "FailureCat" */ = {
			isa = XCConfigurationList;
			buildConfigurations = (
				ED6029BA2DA753DD009ED831 /* Debug */,
				ED6029BB2DA753DD009ED831 /* Release */,
			);
			defaultConfigurationIsVisible = 0;
			defaultConfigurationName = Release;
		};
		ED6029BC2DA753DD009ED831 /* Build configuration list for PBXNativeTarget "FailureCat" */ = {
			isa = XCConfigurationList;
			buildConfigurations = (
				ED6029BD2DA753DD009ED831 /* Debug */,
				ED6029BE2DA753DD009ED831 /* Release */,
			);
			defaultConfigurationIsVisible = 0;
			defaultConfigurationName = Release;
		};
		ED6029BF2DA753DD009ED831 /* Build configuration list for PBXNativeTarget "FailureCatTests" */ = {
			isa = XCConfigurationList;
			buildConfigurations = (
				ED6029C02DA753DD009ED831 /* Debug */,
				ED6029C12DA753DD009ED831 /* Release */,
			);
			defaultConfigurationIsVisible = 0;
			defaultConfigurationName = Release;
		};
		ED6029C22DA753DD009ED831 /* Build configuration list for PBXNativeTarget "FailureCatUITests" */ = {
			isa = XCConfigurationList;
			buildConfigurations = (
				ED6029C32DA753DD009ED831 /* Debug */,
				ED6029C42DA753DD009ED831 /* Release */,
			);
			defaultConfigurationIsVisible = 0;
			defaultConfigurationName = Release;
		};
/* End XCConfigurationList section */

/* Begin XCRemoteSwiftPackageReference section */
		ED602CA02DB0E77F009ED831 /* XCRemoteSwiftPackageReference "firebase-ios-sdk" */ = {
			isa = XCRemoteSwiftPackageReference;
			repositoryURL = "https://github.com/firebase/firebase-ios-sdk";
			requirement = {
				kind = upToNextMajorVersion;
				minimumVersion = 11.11.0;
			};
		};
/* End XCRemoteSwiftPackageReference section */

/* Begin XCSwiftPackageProductDependency section */
		ED602CA12DB0E77F009ED831 /* FirebaseAnalytics */ = {
			isa = XCSwiftPackageProductDependency;
			package = ED602CA02DB0E77F009ED831 /* XCRemoteSwiftPackageReference "firebase-ios-sdk" */;
			productName = FirebaseAnalytics;
		};
		ED602CA72DB1E139009ED831 /* FirebaseCore */ = {
			isa = XCSwiftPackageProductDependency;
			package = ED602CA02DB0E77F009ED831 /* XCRemoteSwiftPackageReference "firebase-ios-sdk" */;
			productName = FirebaseCore;
		};
		ED602CA92DB1E14F009ED831 /* FirebaseFirestore */ = {
			isa = XCSwiftPackageProductDependency;
			package = ED602CA02DB0E77F009ED831 /* XCRemoteSwiftPackageReference "firebase-ios-sdk" */;
			productName = FirebaseFirestore;
		};
/* End XCSwiftPackageProductDependency section */
	};
	rootObject = ED6029902DA753DB009ED831 /* Project object */;
}
